
Microsoft Visual Studio Solution File, Format Version 12.00
# Visual Studio Version 16
VisualStudioVersion = 16.0.31515.178
MinimumVisualStudioVersion = 10.0.40219.1
Project("{888888A0-9F3D-457C-B088-3A5042F75D52}") = "CIS261ProjectPhase3", "CIS261ProjectPhase3.pyproj", "{74589574-FD08-484E-9E64-E9EDF16E7A4E}"
EndProject
Global
	GlobalSection(SolutionConfigurationPlatforms) = preSolution
		Debug|Any CPU = Debug|Any CPU
		Release|Any CPU = Release|Any CPU
	EndGlobalSection
	GlobalSection(ProjectConfigurationPlatforms) = postSolution
		{74589574-FD08-484E-9E64-E9EDF16E7A4E}.Debug|Any CPU.ActiveCfg = Debug|Any CPU
		{74589574-FD08-484E-9E64-E9EDF16E7A4E}.Release|Any CPU.ActiveCfg = Release|Any CPU
	EndGlobalSection
	GlobalSection(SolutionProperties) = preSolution
		HideSolutionNode = FALSE
	EndGlobalSection
	GlobalSection(ExtensibilityGlobals) = postSolution
		SolutionGuid = {007A1F91-5CCE-4DC5-9080-7A20BBCBAAED}
	EndGlobalSection
EndGlobal
